{
	"name": "hdata-cli",
	"version": "2.1.11",
	"lockfileVersion": 2,
	"requires": true,
	"packages": {
		"": {
			"version": "2.1.11",
			"dependencies": {
				"hdata": "^2.1.11"
			},
			"bin": {
				"hdata-cli": "index.js"
			}
		},
		"node_modules/hdata": {
			"version": "2.1.11",
			"resolved": "https://registry.npmjs.org/hdata/-/hdata-2.1.11.tgz",
			"integrity": "sha512-Y7BWSJl7rc/6jh/5GEcYMkibFHK08vHokvFZvJ/jVbdoblX3qkYy62XYBHvsnlBl1ffxFK8r6coCLBKZTXOVkA=="
		}
	},
	"dependencies": {
		"hdata": {
			"version": "2.1.11",
			"resolved": "https://registry.npmjs.org/hdata/-/hdata-2.1.11.tgz",
			"integrity": "sha512-Y7BWSJl7rc/6jh/5GEcYMkibFHK08vHokvFZvJ/jVbdoblX3qkYy62XYBHvsnlBl1ffxFK8r6coCLBKZTXOVkA=="
		}
	}
}
