{
  "name": "hdata-cli",
  "lockfileVersion": 2,
  "requires": true,
  "packages": {
    "": {
      "dependencies": {
        "hdata": "^2.1.6"
      }
    },
    "node_modules/hdata": {
      "version": "2.1.8",
      "resolved": "https://registry.npmjs.org/hdata/-/hdata-2.1.8.tgz",
      "integrity": "sha512-jzeBobFNsVJUsD6uyf2kJzs3P1i26+QpYYY9g+/jM5ApEEmbWJ7/heK/81QwrDVnpUsypaclcUmyITAnDPIV3Q=="
    }
  },
  "dependencies": {
    "hdata": {
      "version": "2.1.8",
      "resolved": "https://registry.npmjs.org/hdata/-/hdata-2.1.8.tgz",
      "integrity": "sha512-jzeBobFNsVJUsD6uyf2kJzs3P1i26+QpYYY9g+/jM5ApEEmbWJ7/heK/81QwrDVnpUsypaclcUmyITAnDPIV3Q=="
    }
  }
}
