{
	"name": "hdata-cli",
	"version": "2.1.14",
	"lockfileVersion": 2,
	"requires": true,
	"packages": {
		"": {
			"version": "2.1.14",
			"dependencies": {
				"hdata": "^2.1.13"
			},
			"bin": {
				"hdata-cli": "index.js"
			}
		},
		"node_modules/hdata": {
			"version": "2.1.13",
			"resolved": "https://registry.npmjs.org/hdata/-/hdata-2.1.13.tgz",
			"integrity": "sha512-sSDgGRuW6mAVnQJLZ4cipZ5NBE38n/QUqZyL+wK48tjAyfKvCiMWUY0HZsGrIrLniIgBZi32a0AFG0gKjvSJmw=="
		}
	},
	"dependencies": {
		"hdata": {
			"version": "2.1.13",
			"resolved": "https://registry.npmjs.org/hdata/-/hdata-2.1.13.tgz",
			"integrity": "sha512-sSDgGRuW6mAVnQJLZ4cipZ5NBE38n/QUqZyL+wK48tjAyfKvCiMWUY0HZsGrIrLniIgBZi32a0AFG0gKjvSJmw=="
		}
	}
}
